// !$*UTF8*$!
{
	archiveVersion = 1;
	classes = {
	};
	objectVersion = 56;
	objects = {

/* Begin PBXBuildFile section */
		BE6FB2082A3946BA00D3F4BF /* SeanAllen_AppetizersApp.swift in Sources */ = {isa = PBXBuildFile; fileRef = BE6FB2072A3946BA00D3F4BF /* SeanAllen_AppetizersApp.swift */; };
		BE6FB20A2A3946BA00D3F4BF /* AppetizerTabView.swift in Sources */ = {isa = PBXBuildFile; fileRef = BE6FB2092A3946BA00D3F4BF /* AppetizerTabView.swift */; };
		BE6FB20C2A3946BB00D3F4BF /* Assets.xcassets in Resources */ = {isa = PBXBuildFile; fileRef = BE6FB20B2A3946BB00D3F4BF /* Assets.xcassets */; };
		BE6FB20F2A3946BB00D3F4BF /* Preview Assets.xcassets in Resources */ = {isa = PBXBuildFile; fileRef = BE6FB20E2A3946BB00D3F4BF /* Preview Assets.xcassets */; };
		BE6FB2162A39477C00D3F4BF /* AppetizerListView.swift in Sources */ = {isa = PBXBuildFile; fileRef = BE6FB2152A39477C00D3F4BF /* AppetizerListView.swift */; };
		BE6FB2182A39478800D3F4BF /* AccountView.swift in Sources */ = {isa = PBXBuildFile; fileRef = BE6FB2172A39478800D3F4BF /* AccountView.swift */; };
		BE6FB21A2A39479700D3F4BF /* OrderView.swift in Sources */ = {isa = PBXBuildFile; fileRef = BE6FB2192A39479700D3F4BF /* OrderView.swift */; };
		BE6FB21C2A3951EB00D3F4BF /* Appetizer.swift in Sources */ = {isa = PBXBuildFile; fileRef = BE6FB21B2A3951EB00D3F4BF /* Appetizer.swift */; };
		BE6FB21E2A395ACA00D3F4BF /* AppetizerListCell.swift in Sources */ = {isa = PBXBuildFile; fileRef = BE6FB21D2A395ACA00D3F4BF /* AppetizerListCell.swift */; };
		BE6FB2202A3A2D2700D3F4BF /* NetworkManager.swift in Sources */ = {isa = PBXBuildFile; fileRef = BE6FB21F2A3A2D2700D3F4BF /* NetworkManager.swift */; };
		BE6FB2222A3A2E5900D3F4BF /* APError.swift in Sources */ = {isa = PBXBuildFile; fileRef = BE6FB2212A3A2E5900D3F4BF /* APError.swift */; };
		BE6FB2242A3A91C900D3F4BF /* AppetizerListViewModel.swift in Sources */ = {isa = PBXBuildFile; fileRef = BE6FB2232A3A91C900D3F4BF /* AppetizerListViewModel.swift */; };
		BE6FB2262A3A958E00D3F4BF /* Alert.swift in Sources */ = {isa = PBXBuildFile; fileRef = BE6FB2252A3A958E00D3F4BF /* Alert.swift */; };
		BE6FB2282A3A9EE900D3F4BF /* LoadingView.swift in Sources */ = {isa = PBXBuildFile; fileRef = BE6FB2272A3A9EE900D3F4BF /* LoadingView.swift */; };
		BE6FB22A2A3A9FB700D3F4BF /* Color+Ext.swift in Sources */ = {isa = PBXBuildFile; fileRef = BE6FB2292A3A9FB700D3F4BF /* Color+Ext.swift */; };
		BE6FB22C2A3AB8A100D3F4BF /* RemoteImage.swift in Sources */ = {isa = PBXBuildFile; fileRef = BE6FB22B2A3AB8A100D3F4BF /* RemoteImage.swift */; };
		BE6FB23B2A3BEAAF00D3F4BF /* AppetizerDetailView.swift in Sources */ = {isa = PBXBuildFile; fileRef = BE6FB23A2A3BEAAF00D3F4BF /* AppetizerDetailView.swift */; };
		BE6FB2402A412F2000D3F4BF /* APButton.swift in Sources */ = {isa = PBXBuildFile; fileRef = BE6FB23F2A412F2000D3F4BF /* APButton.swift */; };
		BE6FB2422A4130BC00D3F4BF /* XDismissButton.swift in Sources */ = {isa = PBXBuildFile; fileRef = BE6FB2412A4130BC00D3F4BF /* XDismissButton.swift */; };
		BE78F1402A4144340039F46B /* AccountViewModel.swift in Sources */ = {isa = PBXBuildFile; fileRef = BE78F13F2A4144340039F46B /* AccountViewModel.swift */; };
		BE78F1422A4147E60039F46B /* String+Ext.swift in Sources */ = {isa = PBXBuildFile; fileRef = BE78F1412A4147E60039F46B /* String+Ext.swift */; };
/* End PBXBuildFile section */

/* Begin PBXFileReference section */
		BE6FB2042A3946BA00D3F4BF /* SeanAllen_Appetizers.app */ = {isa = PBXFileReference; explicitFileType = wrapper.application; includeInIndex = 0; path = SeanAllen_Appetizers.app; sourceTree = BUILT_PRODUCTS_DIR; };
		BE6FB2072A3946BA00D3F4BF /* SeanAllen_AppetizersApp.swift */ = {isa = PBXFileReference; lastKnownFileType = sourcecode.swift; path = SeanAllen_AppetizersApp.swift; sourceTree = "<group>"; };
		BE6FB2092A3946BA00D3F4BF /* AppetizerTabView.swift */ = {isa = PBXFileReference; lastKnownFileType = sourcecode.swift; path = AppetizerTabView.swift; sourceTree = "<group>"; };
		BE6FB20B2A3946BB00D3F4BF /* Assets.xcassets */ = {isa = PBXFileReference; lastKnownFileType = folder.assetcatalog; path = Assets.xcassets; sourceTree = "<group>"; };
		BE6FB20E2A3946BB00D3F4BF /* Preview Assets.xcassets */ = {isa = PBXFileReference; lastKnownFileType = folder.assetcatalog; path = "Preview Assets.xcassets"; sourceTree = "<group>"; };
		BE6FB2152A39477C00D3F4BF /* AppetizerListView.swift */ = {isa = PBXFileReference; lastKnownFileType = sourcecode.swift; path = AppetizerListView.swift; sourceTree = "<group>"; };
		BE6FB2172A39478800D3F4BF /* AccountView.swift */ = {isa = PBXFileReference; lastKnownFileType = sourcecode.swift; path = AccountView.swift; sourceTree = "<group>"; };
		BE6FB2192A39479700D3F4BF /* OrderView.swift */ = {isa = PBXFileReference; lastKnownFileType = sourcecode.swift; path = OrderView.swift; sourceTree = "<group>"; };
		BE6FB21B2A3951EB00D3F4BF /* Appetizer.swift */ = {isa = PBXFileReference; lastKnownFileType = sourcecode.swift; path = Appetizer.swift; sourceTree = "<group>"; };
		BE6FB21D2A395ACA00D3F4BF /* AppetizerListCell.swift */ = {isa = PBXFileReference; lastKnownFileType = sourcecode.swift; path = AppetizerListCell.swift; sourceTree = "<group>"; };
		BE6FB21F2A3A2D2700D3F4BF /* NetworkManager.swift */ = {isa = PBXFileReference; lastKnownFileType = sourcecode.swift; path = NetworkManager.swift; sourceTree = "<group>"; };
		BE6FB2212A3A2E5900D3F4BF /* APError.swift */ = {isa = PBXFileReference; lastKnownFileType = sourcecode.swift; path = APError.swift; sourceTree = "<group>"; };
		BE6FB2232A3A91C900D3F4BF /* AppetizerListViewModel.swift */ = {isa = PBXFileReference; lastKnownFileType = sourcecode.swift; path = AppetizerListViewModel.swift; sourceTree = "<group>"; };
		BE6FB2252A3A958E00D3F4BF /* Alert.swift */ = {isa = PBXFileReference; lastKnownFileType = sourcecode.swift; path = Alert.swift; sourceTree = "<group>"; };
		BE6FB2272A3A9EE900D3F4BF /* LoadingView.swift */ = {isa = PBXFileReference; lastKnownFileType = sourcecode.swift; path = LoadingView.swift; sourceTree = "<group>"; };
		BE6FB2292A3A9FB700D3F4BF /* Color+Ext.swift */ = {isa = PBXFileReference; lastKnownFileType = sourcecode.swift; path = "Color+Ext.swift"; sourceTree = "<group>"; };
		BE6FB22B2A3AB8A100D3F4BF /* RemoteImage.swift */ = {isa = PBXFileReference; lastKnownFileType = sourcecode.swift; path = RemoteImage.swift; sourceTree = "<group>"; };
		BE6FB23A2A3BEAAF00D3F4BF /* AppetizerDetailView.swift */ = {isa = PBXFileReference; lastKnownFileType = sourcecode.swift; path = AppetizerDetailView.swift; sourceTree = "<group>"; };
		BE6FB23F2A412F2000D3F4BF /* APButton.swift */ = {isa = PBXFileReference; lastKnownFileType = sourcecode.swift; path = APButton.swift; sourceTree = "<group>"; };
		BE6FB2412A4130BC00D3F4BF /* XDismissButton.swift */ = {isa = PBXFileReference; lastKnownFileType = sourcecode.swift; path = XDismissButton.swift; sourceTree = "<group>"; };
		BE78F13F2A4144340039F46B /* AccountViewModel.swift */ = {isa = PBXFileReference; lastKnownFileType = sourcecode.swift; path = AccountViewModel.swift; sourceTree = "<group>"; };
		BE78F1412A4147E60039F46B /* String+Ext.swift */ = {isa = PBXFileReference; fileEncoding = 4; lastKnownFileType = sourcecode.swift; name = "String+Ext.swift"; path = "../../../../../../../../Downloads/String+Ext.swift"; sourceTree = "<group>"; };
/* End PBXFileReference section */

/* Begin PBXFrameworksBuildPhase section */
		BE6FB2012A3946BA00D3F4BF /* Frameworks */ = {
			isa = PBXFrameworksBuildPhase;
			buildActionMask = 2147483647;
			files = (
			);
			runOnlyForDeploymentPostprocessing = 0;
		};
/* End PBXFrameworksBuildPhase section */

/* Begin PBXGroup section */
		BE6FB1FB2A3946BA00D3F4BF = {
			isa = PBXGroup;
			children = (
				BE6FB2062A3946BA00D3F4BF /* SeanAllen_Appetizers */,
				BE6FB2052A3946BA00D3F4BF /* Products */,
			);
			sourceTree = "<group>";
		};
		BE6FB2052A3946BA00D3F4BF /* Products */ = {
			isa = PBXGroup;
			children = (
				BE6FB2042A3946BA00D3F4BF /* SeanAllen_Appetizers.app */,
			);
			name = Products;
			sourceTree = "<group>";
		};
		BE6FB2062A3946BA00D3F4BF /* SeanAllen_Appetizers */ = {
			isa = PBXGroup;
			children = (
				BE6FB2352A3BD75700D3F4BF /* Models */,
				BE6FB2312A3BD71B00D3F4BF /* Utilities */,
				BE6FB2362A3BD77E00D3F4BF /* Views */,
				BE6FB22D2A3BD6B800D3F4BF /* Screens */,
				BE6FB2072A3946BA00D3F4BF /* SeanAllen_AppetizersApp.swift */,
				BE6FB20B2A3946BB00D3F4BF /* Assets.xcassets */,
				BE6FB20D2A3946BB00D3F4BF /* Preview Content */,
			);
			path = SeanAllen_Appetizers;
			sourceTree = "<group>";
		};
		BE6FB20D2A3946BB00D3F4BF /* Preview Content */ = {
			isa = PBXGroup;
			children = (
				BE6FB20E2A3946BB00D3F4BF /* Preview Assets.xcassets */,
			);
			path = "Preview Content";
			sourceTree = "<group>";
		};
		BE6FB22D2A3BD6B800D3F4BF /* Screens */ = {
			isa = PBXGroup;
			children = (
				BE6FB2092A3946BA00D3F4BF /* AppetizerTabView.swift */,
				BE6FB22E2A3BD6C300D3F4BF /* AppetizerList */,
				BE6FB22F2A3BD6CD00D3F4BF /* Account */,
				BE6FB2302A3BD6D300D3F4BF /* Order */,
			);
			path = Screens;
			sourceTree = "<group>";
		};
		BE6FB22E2A3BD6C300D3F4BF /* AppetizerList */ = {
			isa = PBXGroup;
			children = (
				BE6FB2152A39477C00D3F4BF /* AppetizerListView.swift */,
				BE6FB2232A3A91C900D3F4BF /* AppetizerListViewModel.swift */,
				BE6FB23A2A3BEAAF00D3F4BF /* AppetizerDetailView.swift */,
			);
			path = AppetizerList;
			sourceTree = "<group>";
		};
		BE6FB22F2A3BD6CD00D3F4BF /* Account */ = {
			isa = PBXGroup;
			children = (
				BE6FB2172A39478800D3F4BF /* AccountView.swift */,
				BE78F13F2A4144340039F46B /* AccountViewModel.swift */,
			);
			path = Account;
			sourceTree = "<group>";
		};
		BE6FB2302A3BD6D300D3F4BF /* Order */ = {
			isa = PBXGroup;
			children = (
				BE6FB2192A39479700D3F4BF /* OrderView.swift */,
			);
			path = Order;
			sourceTree = "<group>";
		};
		BE6FB2312A3BD71B00D3F4BF /* Utilities */ = {
			isa = PBXGroup;
			children = (
				BE6FB2342A3BD73A00D3F4BF /* Alert */,
				BE6FB2332A3BD72A00D3F4BF /* Extensions */,
				BE6FB2322A3BD72300D3F4BF /* Managers */,
			);
			path = Utilities;
			sourceTree = "<group>";
		};
		BE6FB2322A3BD72300D3F4BF /* Managers */ = {
			isa = PBXGroup;
			children = (
				BE6FB21F2A3A2D2700D3F4BF /* NetworkManager.swift */,
			);
			path = Managers;
			sourceTree = "<group>";
		};
		BE6FB2332A3BD72A00D3F4BF /* Extensions */ = {
			isa = PBXGroup;
			children = (
				BE78F1412A4147E60039F46B /* String+Ext.swift */,
				BE6FB2292A3A9FB700D3F4BF /* Color+Ext.swift */,
			);
			path = Extensions;
			sourceTree = "<group>";
		};
		BE6FB2342A3BD73A00D3F4BF /* Alert */ = {
			isa = PBXGroup;
			children = (
				BE6FB2252A3A958E00D3F4BF /* Alert.swift */,
				BE6FB2212A3A2E5900D3F4BF /* APError.swift */,
			);
			path = Alert;
			sourceTree = "<group>";
		};
		BE6FB2352A3BD75700D3F4BF /* Models */ = {
			isa = PBXGroup;
			children = (
				BE6FB21B2A3951EB00D3F4BF /* Appetizer.swift */,
			);
			path = Models;
			sourceTree = "<group>";
		};
		BE6FB2362A3BD77E00D3F4BF /* Views */ = {
			isa = PBXGroup;
			children = (
				BE6FB23E2A412F0900D3F4BF /* Buttons */,
				BE6FB2392A3BD78D00D3F4BF /* Image */,
				BE6FB2382A3BD78900D3F4BF /* Cells */,
				BE6FB2372A3BD78300D3F4BF /* UIKit */,
			);
			path = Views;
			sourceTree = "<group>";
		};
		BE6FB2372A3BD78300D3F4BF /* UIKit */ = {
			isa = PBXGroup;
			children = (
				BE6FB2272A3A9EE900D3F4BF /* LoadingView.swift */,
			);
			path = UIKit;
			sourceTree = "<group>";
		};
		BE6FB2382A3BD78900D3F4BF /* Cells */ = {
			isa = PBXGroup;
			children = (
				BE6FB21D2A395ACA00D3F4BF /* AppetizerListCell.swift */,
			);
			path = Cells;
			sourceTree = "<group>";
		};
		BE6FB2392A3BD78D00D3F4BF /* Image */ = {
			isa = PBXGroup;
			children = (
				BE6FB22B2A3AB8A100D3F4BF /* RemoteImage.swift */,
			);
			path = Image;
			sourceTree = "<group>";
		};
		BE6FB23E2A412F0900D3F4BF /* Buttons */ = {
			isa = PBXGroup;
			children = (
				BE6FB23F2A412F2000D3F4BF /* APButton.swift */,
				BE6FB2412A4130BC00D3F4BF /* XDismissButton.swift */,
			);
			path = Buttons;
			sourceTree = "<group>";
		};
/* End PBXGroup section */

/* Begin PBXNativeTarget section */
		BE6FB2032A3946BA00D3F4BF /* SeanAllen_Appetizers */ = {
			isa = PBXNativeTarget;
			buildConfigurationList = BE6FB2122A3946BB00D3F4BF /* Build configuration list for PBXNativeTarget "SeanAllen_Appetizers" */;
			buildPhases = (
				BE6FB2002A3946BA00D3F4BF /* Sources */,
				BE6FB2012A3946BA00D3F4BF /* Frameworks */,
				BE6FB2022A3946BA00D3F4BF /* Resources */,
			);
			buildRules = (
			);
			dependencies = (
			);
			name = SeanAllen_Appetizers;
			productName = SeanAllen_Appetizers;
			productReference = BE6FB2042A3946BA00D3F4BF /* SeanAllen_Appetizers.app */;
			productType = "com.apple.product-type.application";
		};
/* End PBXNativeTarget section */

/* Begin PBXProject section */
		BE6FB1FC2A3946BA00D3F4BF /* Project object */ = {
			isa = PBXProject;
			attributes = {
				BuildIndependentTargetsInParallel = 1;
				LastSwiftUpdateCheck = 1430;
				LastUpgradeCheck = 1430;
				TargetAttributes = {
					BE6FB2032A3946BA00D3F4BF = {
						CreatedOnToolsVersion = 14.3.1;
					};
				};
			};
			buildConfigurationList = BE6FB1FF2A3946BA00D3F4BF /* Build configuration list for PBXProject "SeanAllen_Appetizers" */;
			compatibilityVersion = "Xcode 14.0";
			developmentRegion = en;
			hasScannedForEncodings = 0;
			knownRegions = (
				en,
				Base,
			);
			mainGroup = BE6FB1FB2A3946BA00D3F4BF;
			productRefGroup = BE6FB2052A3946BA00D3F4BF /* Products */;
			projectDirPath = "";
			projectRoot = "";
			targets = (
				BE6FB2032A3946BA00D3F4BF /* SeanAllen_Appetizers */,
			);
		};
/* End PBXProject section */

/* Begin PBXResourcesBuildPhase section */
		BE6FB2022A3946BA00D3F4BF /* Resources */ = {
			isa = PBXResourcesBuildPhase;
			buildActionMask = 2147483647;
			files = (
				BE6FB20F2A3946BB00D3F4BF /* Preview Assets.xcassets in Resources */,
				BE6FB20C2A3946BB00D3F4BF /* Assets.xcassets in Resources */,
			);
			runOnlyForDeploymentPostprocessing = 0;
		};
/* End PBXResourcesBuildPhase section */

/* Begin PBXSourcesBuildPhase section */
		BE6FB2002A3946BA00D3F4BF /* Sources */ = {
			isa = PBXSourcesBuildPhase;
			buildActionMask = 2147483647;
			files = (
				BE6FB21C2A3951EB00D3F4BF /* Appetizer.swift in Sources */,
				BE6FB2222A3A2E5900D3F4BF /* APError.swift in Sources */,
				BE6FB2422A4130BC00D3F4BF /* XDismissButton.swift in Sources */,
				BE6FB21E2A395ACA00D3F4BF /* AppetizerListCell.swift in Sources */,
				BE78F1402A4144340039F46B /* AccountViewModel.swift in Sources */,
				BE6FB2242A3A91C900D3F4BF /* AppetizerListViewModel.swift in Sources */,
				BE6FB22A2A3A9FB700D3F4BF /* Color+Ext.swift in Sources */,
				BE6FB2182A39478800D3F4BF /* AccountView.swift in Sources */,
				BE6FB2402A412F2000D3F4BF /* APButton.swift in Sources */,
				BE6FB2282A3A9EE900D3F4BF /* LoadingView.swift in Sources */,
				BE6FB20A2A3946BA00D3F4BF /* AppetizerTabView.swift in Sources */,
				BE6FB2202A3A2D2700D3F4BF /* NetworkManager.swift in Sources */,
				BE6FB22C2A3AB8A100D3F4BF /* RemoteImage.swift in Sources */,
				BE78F1422A4147E60039F46B /* String+Ext.swift in Sources */,
				BE6FB23B2A3BEAAF00D3F4BF /* AppetizerDetailView.swift in Sources */,
				BE6FB2082A3946BA00D3F4BF /* SeanAllen_AppetizersApp.swift in Sources */,
				BE6FB2262A3A958E00D3F4BF /* Alert.swift in Sources */,
				BE6FB2162A39477C00D3F4BF /* AppetizerListView.swift in Sources */,
				BE6FB21A2A39479700D3F4BF /* OrderView.swift in Sources */,
			);
			runOnlyForDeploymentPostprocessing = 0;
		};
/* End PBXSourcesBuildPhase section */

/* Begin XCBuildConfiguration section */
		BE6FB2102A3946BB00D3F4BF /* Debug */ = {
			isa = XCBuildConfiguration;
			buildSettings = {
				ALWAYS_SEARCH_USER_PATHS = NO;
				CLANG_ANALYZER_NONNULL = YES;
				CLANG_ANALYZER_NUMBER_OBJECT_CONVERSION = YES_AGGRESSIVE;
				CLANG_CXX_LANGUAGE_STANDARD = "gnu++20";
				CLANG_ENABLE_MODULES = YES;
				CLANG_ENABLE_OBJC_ARC = YES;
				CLANG_ENABLE_OBJC_WEAK = YES;
				CLANG_WARN_BLOCK_CAPTURE_AUTORELEASING = YES;
				CLANG_WARN_BOOL_CONVERSION = YES;
				CLANG_WARN_COMMA = YES;
				CLANG_WARN_CONSTANT_CONVERSION = YES;
				CLANG_WARN_DEPRECATED_OBJC_IMPLEMENTATIONS = YES;
				CLANG_WARN_DIRECT_OBJC_ISA_USAGE = YES_ERROR;
				CLANG_WARN_DOCUMENTATION_COMMENTS = YES;
				CLANG_WARN_EMPTY_BODY = YES;
				CLANG_WARN_ENUM_CONVERSION = YES;
				CLANG_WARN_INFINITE_RECURSION = YES;
				CLANG_WARN_INT_CONVERSION = YES;
				CLANG_WARN_NON_LITERAL_NULL_CONVERSION = YES;
				CLANG_WARN_OBJC_IMPLICIT_RETAIN_SELF = YES;
				CLANG_WARN_OBJC_LITERAL_CONVERSION = YES;
				CLANG_WARN_OBJC_ROOT_CLASS = YES_ERROR;
				CLANG_WARN_QUOTED_INCLUDE_IN_FRAMEWORK_HEADER = YES;
				CLANG_WARN_RANGE_LOOP_ANALYSIS = YES;
				CLANG_WARN_STRICT_PROTOTYPES = YES;
				CLANG_WARN_SUSPICIOUS_MOVE = YES;
				CLANG_WARN_UNGUARDED_AVAILABILITY = YES_AGGRESSIVE;
				CLANG_WARN_UNREACHABLE_CODE = YES;
				CLANG_WARN__DUPLICATE_METHOD_MATCH = YES;
				COPY_PHASE_STRIP = NO;
				DEBUG_INFORMATION_FORMAT = dwarf;
				ENABLE_STRICT_OBJC_MSGSEND = YES;
				ENABLE_TESTABILITY = YES;
				GCC_C_LANGUAGE_STANDARD = gnu11;
				GCC_DYNAMIC_NO_PIC = NO;
				GCC_NO_COMMON_BLOCKS = YES;
				GCC_OPTIMIZATION_LEVEL = 0;
				GCC_PREPROCESSOR_DEFINITIONS = (
					"DEBUG=1",
					"$(inherited)",
				);
				GCC_WARN_64_TO_32_BIT_CONVERSION = YES;
				GCC_WARN_ABOUT_RETURN_TYPE = YES_ERROR;
				GCC_WARN_UNDECLARED_SELECTOR = YES;
				GCC_WARN_UNINITIALIZED_AUTOS = YES_AGGRESSIVE;
				GCC_WARN_UNUSED_FUNCTION = YES;
				GCC_WARN_UNUSED_VARIABLE = YES;
				IPHONEOS_DEPLOYMENT_TARGET = 16.4;
				MTL_ENABLE_DEBUG_INFO = INCLUDE_SOURCE;
				MTL_FAST_MATH = YES;
				ONLY_ACTIVE_ARCH = YES;
				SDKROOT = iphoneos;
				SWIFT_ACTIVE_COMPILATION_CONDITIONS = DEBUG;
				SWIFT_OPTIMIZATION_LEVEL = "-Onone";
			};
			name = Debug;
		};
		BE6FB2112A3946BB00D3F4BF /* Release */ = {
			isa = XCBuildConfiguration;
			buildSettings = {
				ALWAYS_SEARCH_USER_PATHS = NO;
				CLANG_ANALYZER_NONNULL = YES;
				CLANG_ANALYZER_NUMBER_OBJECT_CONVERSION = YES_AGGRESSIVE;
				CLANG_CXX_LANGUAGE_STANDARD = "gnu++20";
				CLANG_ENABLE_MODULES = YES;
				CLANG_ENABLE_OBJC_ARC = YES;
				CLANG_ENABLE_OBJC_WEAK = YES;
				CLANG_WARN_BLOCK_CAPTURE_AUTORELEASING = YES;
				CLANG_WARN_BOOL_CONVERSION = YES;
				CLANG_WARN_COMMA = YES;
				CLANG_WARN_CONSTANT_CONVERSION = YES;
				CLANG_WARN_DEPRECATED_OBJC_IMPLEMENTATIONS = YES;
				CLANG_WARN_DIRECT_OBJC_ISA_USAGE = YES_ERROR;
				CLANG_WARN_DOCUMENTATION_COMMENTS = YES;
				CLANG_WARN_EMPTY_BODY = YES;
				CLANG_WARN_ENUM_CONVERSION = YES;
				CLANG_WARN_INFINITE_RECURSION = YES;
				CLANG_WARN_INT_CONVERSION = YES;
				CLANG_WARN_NON_LITERAL_NULL_CONVERSION = YES;
				CLANG_WARN_OBJC_IMPLICIT_RETAIN_SELF = YES;
				CLANG_WARN_OBJC_LITERAL_CONVERSION = YES;
				CLANG_WARN_OBJC_ROOT_CLASS = YES_ERROR;
				CLANG_WARN_QUOTED_INCLUDE_IN_FRAMEWORK_HEADER = YES;
				CLANG_WARN_RANGE_LOOP_ANALYSIS = YES;
				CLANG_WARN_STRICT_PROTOTYPES = YES;
				CLANG_WARN_SUSPICIOUS_MOVE = YES;
				CLANG_WARN_UNGUARDED_AVAILABILITY = YES_AGGRESSIVE;
				CLANG_WARN_UNREACHABLE_CODE = YES;
				CLANG_WARN__DUPLICATE_METHOD_MATCH = YES;
				COPY_PHASE_STRIP = NO;
				DEBUG_INFORMATION_FORMAT = "dwarf-with-dsym";
				ENABLE_NS_ASSERTIONS = NO;
				ENABLE_STRICT_OBJC_MSGSEND = YES;
				GCC_C_LANGUAGE_STANDARD = gnu11;
				GCC_NO_COMMON_BLOCKS = YES;
				GCC_WARN_64_TO_32_BIT_CONVERSION = YES;
				GCC_WARN_ABOUT_RETURN_TYPE = YES_ERROR;
				GCC_WARN_UNDECLARED_SELECTOR = YES;
				GCC_WARN_UNINITIALIZED_AUTOS = YES_AGGRESSIVE;
				GCC_WARN_UNUSED_FUNCTION = YES;
				GCC_WARN_UNUSED_VARIABLE = YES;
				IPHONEOS_DEPLOYMENT_TARGET = 16.4;
				MTL_ENABLE_DEBUG_INFO = NO;
				MTL_FAST_MATH = YES;
				SDKROOT = iphoneos;
				SWIFT_COMPILATION_MODE = wholemodule;
				SWIFT_OPTIMIZATION_LEVEL = "-O";
				VALIDATE_PRODUCT = YES;
			};
			name = Release;
		};
		BE6FB2132A3946BB00D3F4BF /* Debug */ = {
			isa = XCBuildConfiguration;
			buildSettings = {
				ASSETCATALOG_COMPILER_APPICON_NAME = AppIcon;
				ASSETCATALOG_COMPILER_GLOBAL_ACCENT_COLOR_NAME = AccentColor;
				CODE_SIGN_STYLE = Automatic;
				CURRENT_PROJECT_VERSION = 1;
				DEVELOPMENT_ASSET_PATHS = "\"SeanAllen_Appetizers/Preview Content\"";
				DEVELOPMENT_TEAM = W6777CJA7W;
				ENABLE_PREVIEWS = YES;
				GENERATE_INFOPLIST_FILE = YES;
				INFOPLIST_KEY_UIApplicationSceneManifest_Generation = YES;
				INFOPLIST_KEY_UIApplicationSupportsIndirectInputEvents = YES;
				INFOPLIST_KEY_UILaunchScreen_Generation = YES;
				INFOPLIST_KEY_UISupportedInterfaceOrientations_iPad = "UIInterfaceOrientationPortrait UIInterfaceOrientationPortraitUpsideDown UIInterfaceOrientationLandscapeLeft UIInterfaceOrientationLandscapeRight";
				INFOPLIST_KEY_UISupportedInterfaceOrientations_iPhone = "UIInterfaceOrientationPortrait UIInterfaceOrientationLandscapeLeft UIInterfaceOrientationLandscapeRight";
				LD_RUNPATH_SEARCH_PATHS = (
					"$(inherited)",
					"@executable_path/Frameworks",
				);
				MARKETING_VERSION = 1.0;
				PRODUCT_BUNDLE_IDENTIFIER = "bseales.SeanAllen-Appetizers";
				PRODUCT_NAME = "$(TARGET_NAME)";
				SWIFT_EMIT_LOC_STRINGS = YES;
				SWIFT_VERSION = 5.0;
				TARGETED_DEVICE_FAMILY = "1,2";
			};
			name = Debug;
		};
		BE6FB2142A3946BB00D3F4BF /* Release */ = {
			isa = XCBuildConfiguration;
			buildSettings = {
				ASSETCATALOG_COMPILER_APPICON_NAME = AppIcon;
				ASSETCATALOG_COMPILER_GLOBAL_ACCENT_COLOR_NAME = AccentColor;
				CODE_SIGN_STYLE = Automatic;
				CURRENT_PROJECT_VERSION = 1;
				DEVELOPMENT_ASSET_PATHS = "\"SeanAllen_Appetizers/Preview Content\"";
				DEVELOPMENT_TEAM = W6777CJA7W;
				ENABLE_PREVIEWS = YES;
				GENERATE_INFOPLIST_FILE = YES;
				INFOPLIST_KEY_UIApplicationSceneManifest_Generation = YES;
				INFOPLIST_KEY_UIApplicationSupportsIndirectInputEvents = YES;
				INFOPLIST_KEY_UILaunchScreen_Generation = YES;
				INFOPLIST_KEY_UISupportedInterfaceOrientations_iPad = "UIInterfaceOrientationPortrait UIInterfaceOrientationPortraitUpsideDown UIInterfaceOrientationLandscapeLeft UIInterfaceOrientationLandscapeRight";
				INFOPLIST_KEY_UISupportedInterfaceOrientations_iPhone = "UIInterfaceOrientationPortrait UIInterfaceOrientationLandscapeLeft UIInterfaceOrientationLandscapeRight";
				LD_RUNPATH_SEARCH_PATHS = (
					"$(inherited)",
					"@executable_path/Frameworks",
				);
				MARKETING_VERSION = 1.0;
				PRODUCT_BUNDLE_IDENTIFIER = "bseales.SeanAllen-Appetizers";
				PRODUCT_NAME = "$(TARGET_NAME)";
				SWIFT_EMIT_LOC_STRINGS = YES;
				SWIFT_VERSION = 5.0;
				TARGETED_DEVICE_FAMILY = "1,2";
			};
			name = Release;
		};
/* End XCBuildConfiguration section */

/* Begin XCConfigurationList section */
		BE6FB1FF2A3946BA00D3F4BF /* Build configuration list for PBXProject "SeanAllen_Appetizers" */ = {
			isa = XCConfigurationList;
			buildConfigurations = (
				BE6FB2102A3946BB00D3F4BF /* Debug */,
				BE6FB2112A3946BB00D3F4BF /* Release */,
			);
			defaultConfigurationIsVisible = 0;
			defaultConfigurationName = Release;
		};
		BE6FB2122A3946BB00D3F4BF /* Build configuration list for PBXNativeTarget "SeanAllen_Appetizers" */ = {
			isa = XCConfigurationList;
			buildConfigurations = (
				BE6FB2132A3946BB00D3F4BF /* Debug */,
				BE6FB2142A3946BB00D3F4BF /* Release */,
			);
			defaultConfigurationIsVisible = 0;
			defaultConfigurationName = Release;
		};
/* End XCConfigurationList section */
	};
	rootObject = BE6FB1FC2A3946BA00D3F4BF /* Project object */;
}
